<?xml version="1.0" encoding="utf-8"?>
<Project ToolsVersion="4.0" xmlns="http://schemas.microsoft.com/developer/msbuild/2003">
  <ItemGroup>
    <Filter Include="资源文件">
      <UniqueIdentifier>{67DA6AB6-F800-4c08-8B7A-83BB121AAD01}</UniqueIdentifier>
      <Extensions>rc;ico;cur;bmp;dlg;rc2;rct;bin;rgs;gif;jpg;jpeg;jpe;resx;tiff;tif;png;wav;mfcribbon-ms</Extensions>
    </Filter>
    <Filter Include="测试">
      <UniqueIdentifier>{4FC737F1-C7A5-4376-A066-2A32D752A2FF}</UniqueIdentifier>
      <Extensions>cpp;c;cc;cxx;c++;cppm;ixx;def;odl;idl;hpj;bat;asm;asmx</Extensions>
    </Filter>
    <Filter Include="已完成">
      <UniqueIdentifier>{07f12a1c-1694-4b0c-bf23-0526ece1ebb0}</UniqueIdentifier>
    </Filter>
    <Filter Include="未完成">
      <UniqueIdentifier>{93995380-89BD-4b04-88EB-625FBE52EBFB}</UniqueIdentifier>
      <Extensions>h;hh;hpp;hxx;h++;hm;inl;inc;ipp;xsd</Extensions>
    </Filter>
    <Filter Include="已完成\仿stl">
      <UniqueIdentifier>{ac759229-6c80-4f3a-8cce-3d8fb00a896f}</UniqueIdentifier>
    </Filter>
    <Filter Include="已完成\仿stl\各种模板迭代器">
      <UniqueIdentifier>{c3eb8d9f-044c-4ba3-afaa-fc3e856fcf5a}</UniqueIdentifier>
    </Filter>
    <Filter Include="已完成\仿stl\容器">
      <UniqueIdentifier>{bab315a8-cb21-46dd-b81e-03867ad5502f}</UniqueIdentifier>
    </Filter>
    <Filter Include="已完成\补充设计">
      <UniqueIdentifier>{887c3b45-3c5c-4fb6-bbd1-444b70a134e2}</UniqueIdentifier>
    </Filter>
    <Filter Include="已完成\补充设计\数学">
      <UniqueIdentifier>{36b60c3e-8ca8-4974-a0b1-7a6fb9b0c721}</UniqueIdentifier>
    </Filter>
    <Filter Include="已完成\其他">
      <UniqueIdentifier>{7924a662-d03a-45b5-b039-95dd766b52e0}</UniqueIdentifier>
    </Filter>
    <Filter Include="已完成\其他\文件读写">
      <UniqueIdentifier>{d9116d3e-600a-4a62-a8f8-02cbe055ddaa}</UniqueIdentifier>
    </Filter>
  </ItemGroup>
  <ItemGroup>
    <ClCompile Include="main.cpp">
      <Filter>测试</Filter>
    </ClCompile>
  </ItemGroup>
  <ItemGroup>
    <ClInclude Include="trivial_vector.hpp">
      <Filter>未完成</Filter>
    </ClInclude>
    <ClInclude Include="matrix.hpp">
      <Filter>未完成</Filter>
    </ClInclude>
    <ClInclude Include="iterator.hpp">
      <Filter>已完成\仿stl\各种模板迭代器</Filter>
    </ClInclude>
    <ClInclude Include="array.hpp">
      <Filter>已完成\仿stl\容器</Filter>
    </ClInclude>
    <ClInclude Include="numeric_range.hpp">
      <Filter>已完成\补充设计\数学</Filter>
    </ClInclude>
    <ClInclude Include="big_number_data.hpp">
      <Filter>未完成</Filter>
    </ClInclude>
    <ClInclude Include="value.hpp">
      <Filter>已完成\其他\文件读写</Filter>
    </ClInclude>
  </ItemGroup>
</Project>