<?xml version="1.0" encoding="utf-8"?>
<Project ToolsVersion="4.0" xmlns="http://schemas.microsoft.com/developer/msbuild/2003">
  <ItemGroup>
    <ClInclude Include="unfinished\matrix.hpp" />
    <ClInclude Include="unfinished\trivial_vector.hpp" />
    <ClInclude Include="unfinished\big_number_data.hpp" />
  </ItemGroup>
  <ItemGroup>
    <ClCompile Include="unfinished\main.cpp" />
  </ItemGroup>
</Project>